
Microsoft Visual Studio Solution File, Format Version 12.00
# Visual Studio 14
VisualStudioVersion = 14.0.25420.1
MinimumVisualStudioVersion = 10.0.40219.1
Project("{FAE04EC0-301F-11D3-BF4B-00C04F79EFBC}") = "GenericTest", "GenericTest\GenericTest.csproj", "{C7E527DA-6AA6-4136-8BBC-A27E1E322611}"
EndProject
Project("{FAE04EC0-301F-11D3-BF4B-00C04F79EFBC}") = "_01GenericLabb", "_01GenericLabb\_01GenericLabb.csproj", "{4481A8B9-1356-4A63-A0E1-AE59BB0708A7}"
EndProject
Project("{FAE04EC0-301F-11D3-BF4B-00C04F79EFBC}") = "_01GenericLabbTests", "_01GenericLabbTests\_01GenericLabbTests.csproj", "{10F8E6D4-A867-449D-B3AA-295F1348FC6C}"
EndProject
Project("{FAE04EC0-301F-11D3-BF4B-00C04F79EFBC}") = "_02StackQueue", "_02StackQueue\_02StackQueue.csproj", "{5FBA9F6F-2129-4C21-838B-E20B68D2C8E9}"
EndProject
Project("{FAE04EC0-301F-11D3-BF4B-00C04F79EFBC}") = "_03SearchAndSort", "_03SearchAndSort\_03SearchAndSort.csproj", "{1DAF679C-ADB2-4E3E-ABCB-D29AFD4B8C0A}"
EndProject
Project("{FAE04EC0-301F-11D3-BF4B-00C04F79EFBC}") = "_03SearchAndSortTests", "_03SearchAndSortTests\_03SearchAndSortTests.csproj", "{2FD65A27-26C4-4BFF-955E-FD4DA3F5EF99}"
EndProject
Project("{FAE04EC0-301F-11D3-BF4B-00C04F79EFBC}") = "_04Hash", "_04Hash\_04Hash.csproj", "{BBA6D8F4-95E7-443A-9195-B80F016FA1F8}"
EndProject
Project("{FAE04EC0-301F-11D3-BF4B-00C04F79EFBC}") = "_05BinarySearchTree", "_05BinarySearchTree\_05BinarySearchTree.csproj", "{2E5D7E61-9DFD-453E-B04D-EF40E1133742}"
EndProject
Project("{FAE04EC0-301F-11D3-BF4B-00C04F79EFBC}") = "_05BinarySearchTreeTests", "_05BinarySearchTreeTests\_05BinarySearchTreeTests.csproj", "{0AA39D9A-5550-4950-A9EB-AA17FC688CC7}"
EndProject
Project("{FAE04EC0-301F-11D3-BF4B-00C04F79EFBC}") = "_10Recursion", "_10Recursion\_10Recursion.csproj", "{CFB8EF4B-CF00-41E3-AEDC-F0C18E70CA52}"
EndProject
Project("{FAE04EC0-301F-11D3-BF4B-00C04F79EFBC}") = "ReversedBinaryNumbers", "ReversedBinaryNumbers\ReversedBinaryNumbers.csproj", "{2155EB57-5322-4169-9D70-EB1062F86C0C}"
EndProject
Project("{FAE04EC0-301F-11D3-BF4B-00C04F79EFBC}") = "PizzaDelivery", "PizzaDelivery\PizzaDelivery.csproj", "{72654373-DC43-4A18-8706-FC102701D8A0}"
EndProject
Project("{FAE04EC0-301F-11D3-BF4B-00C04F79EFBC}") = "Apparatus", "Apparatus\Apparatus.csproj", "{00FDB59E-A1CC-49D9-B92C-944885A362AC}"
EndProject
Project("{FAE04EC0-301F-11D3-BF4B-00C04F79EFBC}") = "HoneyCombWalk", "HoneyCombWalk\HoneyCombWalk.csproj", "{FA1D8290-8EB9-4550-B23D-3DA64DEF1767}"
EndProject
Project("{FAE04EC0-301F-11D3-BF4B-00C04F79EFBC}") = "PrimePath", "PrimePath\PrimePath.csproj", "{F0FE26AB-3A25-446F-A2B0-A11ECC26DA9C}"
EndProject
Project("{FAE04EC0-301F-11D3-BF4B-00C04F79EFBC}") = "WinnintStreak", "WinnintStreak\WinnintStreak.csproj", "{26414D68-EC0A-4D55-9BB2-7FD2C0D0B7D6}"
EndProject
Project("{FAE04EC0-301F-11D3-BF4B-00C04F79EFBC}") = "BaconEggsSpam", "BaconEggsSpam\BaconEggsSpam.csproj", "{25EB81BC-6643-4EA8-8464-A4E2FD361B1D}"
EndProject
Global
	GlobalSection(SolutionConfigurationPlatforms) = preSolution
		Debug|Any CPU = Debug|Any CPU
		Release|Any CPU = Release|Any CPU
	EndGlobalSection
	GlobalSection(ProjectConfigurationPlatforms) = postSolution
		{C7E527DA-6AA6-4136-8BBC-A27E1E322611}.Debug|Any CPU.ActiveCfg = Debug|Any CPU
		{C7E527DA-6AA6-4136-8BBC-A27E1E322611}.Debug|Any CPU.Build.0 = Debug|Any CPU
		{C7E527DA-6AA6-4136-8BBC-A27E1E322611}.Release|Any CPU.ActiveCfg = Release|Any CPU
		{C7E527DA-6AA6-4136-8BBC-A27E1E322611}.Release|Any CPU.Build.0 = Release|Any CPU
		{4481A8B9-1356-4A63-A0E1-AE59BB0708A7}.Debug|Any CPU.ActiveCfg = Debug|Any CPU
		{4481A8B9-1356-4A63-A0E1-AE59BB0708A7}.Debug|Any CPU.Build.0 = Debug|Any CPU
		{4481A8B9-1356-4A63-A0E1-AE59BB0708A7}.Release|Any CPU.ActiveCfg = Release|Any CPU
		{4481A8B9-1356-4A63-A0E1-AE59BB0708A7}.Release|Any CPU.Build.0 = Release|Any CPU
		{10F8E6D4-A867-449D-B3AA-295F1348FC6C}.Debug|Any CPU.ActiveCfg = Debug|Any CPU
		{10F8E6D4-A867-449D-B3AA-295F1348FC6C}.Debug|Any CPU.Build.0 = Debug|Any CPU
		{10F8E6D4-A867-449D-B3AA-295F1348FC6C}.Release|Any CPU.ActiveCfg = Release|Any CPU
		{10F8E6D4-A867-449D-B3AA-295F1348FC6C}.Release|Any CPU.Build.0 = Release|Any CPU
		{5FBA9F6F-2129-4C21-838B-E20B68D2C8E9}.Debug|Any CPU.ActiveCfg = Debug|Any CPU
		{5FBA9F6F-2129-4C21-838B-E20B68D2C8E9}.Debug|Any CPU.Build.0 = Debug|Any CPU
		{5FBA9F6F-2129-4C21-838B-E20B68D2C8E9}.Release|Any CPU.ActiveCfg = Release|Any CPU
		{5FBA9F6F-2129-4C21-838B-E20B68D2C8E9}.Release|Any CPU.Build.0 = Release|Any CPU
		{1DAF679C-ADB2-4E3E-ABCB-D29AFD4B8C0A}.Debug|Any CPU.ActiveCfg = Debug|Any CPU
		{1DAF679C-ADB2-4E3E-ABCB-D29AFD4B8C0A}.Debug|Any CPU.Build.0 = Debug|Any CPU
		{1DAF679C-ADB2-4E3E-ABCB-D29AFD4B8C0A}.Release|Any CPU.ActiveCfg = Release|Any CPU
		{1DAF679C-ADB2-4E3E-ABCB-D29AFD4B8C0A}.Release|Any CPU.Build.0 = Release|Any CPU
		{2FD65A27-26C4-4BFF-955E-FD4DA3F5EF99}.Debug|Any CPU.ActiveCfg = Debug|Any CPU
		{2FD65A27-26C4-4BFF-955E-FD4DA3F5EF99}.Debug|Any CPU.Build.0 = Debug|Any CPU
		{2FD65A27-26C4-4BFF-955E-FD4DA3F5EF99}.Release|Any CPU.ActiveCfg = Release|Any CPU
		{2FD65A27-26C4-4BFF-955E-FD4DA3F5EF99}.Release|Any CPU.Build.0 = Release|Any CPU
		{BBA6D8F4-95E7-443A-9195-B80F016FA1F8}.Debug|Any CPU.ActiveCfg = Debug|Any CPU
		{BBA6D8F4-95E7-443A-9195-B80F016FA1F8}.Debug|Any CPU.Build.0 = Debug|Any CPU
		{BBA6D8F4-95E7-443A-9195-B80F016FA1F8}.Release|Any CPU.ActiveCfg = Release|Any CPU
		{BBA6D8F4-95E7-443A-9195-B80F016FA1F8}.Release|Any CPU.Build.0 = Release|Any CPU
		{2E5D7E61-9DFD-453E-B04D-EF40E1133742}.Debug|Any CPU.ActiveCfg = Debug|Any CPU
		{2E5D7E61-9DFD-453E-B04D-EF40E1133742}.Debug|Any CPU.Build.0 = Debug|Any CPU
		{2E5D7E61-9DFD-453E-B04D-EF40E1133742}.Release|Any CPU.ActiveCfg = Release|Any CPU
		{2E5D7E61-9DFD-453E-B04D-EF40E1133742}.Release|Any CPU.Build.0 = Release|Any CPU
		{0AA39D9A-5550-4950-A9EB-AA17FC688CC7}.Debug|Any CPU.ActiveCfg = Debug|Any CPU
		{0AA39D9A-5550-4950-A9EB-AA17FC688CC7}.Debug|Any CPU.Build.0 = Debug|Any CPU
		{0AA39D9A-5550-4950-A9EB-AA17FC688CC7}.Release|Any CPU.ActiveCfg = Release|Any CPU
		{0AA39D9A-5550-4950-A9EB-AA17FC688CC7}.Release|Any CPU.Build.0 = Release|Any CPU
		{CFB8EF4B-CF00-41E3-AEDC-F0C18E70CA52}.Debug|Any CPU.ActiveCfg = Debug|Any CPU
		{CFB8EF4B-CF00-41E3-AEDC-F0C18E70CA52}.Debug|Any CPU.Build.0 = Debug|Any CPU
		{CFB8EF4B-CF00-41E3-AEDC-F0C18E70CA52}.Release|Any CPU.ActiveCfg = Release|Any CPU
		{CFB8EF4B-CF00-41E3-AEDC-F0C18E70CA52}.Release|Any CPU.Build.0 = Release|Any CPU
		{2155EB57-5322-4169-9D70-EB1062F86C0C}.Debug|Any CPU.ActiveCfg = Debug|Any CPU
		{2155EB57-5322-4169-9D70-EB1062F86C0C}.Debug|Any CPU.Build.0 = Debug|Any CPU
		{2155EB57-5322-4169-9D70-EB1062F86C0C}.Release|Any CPU.ActiveCfg = Release|Any CPU
		{2155EB57-5322-4169-9D70-EB1062F86C0C}.Release|Any CPU.Build.0 = Release|Any CPU
		{72654373-DC43-4A18-8706-FC102701D8A0}.Debug|Any CPU.ActiveCfg = Debug|Any CPU
		{72654373-DC43-4A18-8706-FC102701D8A0}.Debug|Any CPU.Build.0 = Debug|Any CPU
		{72654373-DC43-4A18-8706-FC102701D8A0}.Release|Any CPU.ActiveCfg = Release|Any CPU
		{72654373-DC43-4A18-8706-FC102701D8A0}.Release|Any CPU.Build.0 = Release|Any CPU
		{00FDB59E-A1CC-49D9-B92C-944885A362AC}.Debug|Any CPU.ActiveCfg = Debug|Any CPU
		{00FDB59E-A1CC-49D9-B92C-944885A362AC}.Debug|Any CPU.Build.0 = Debug|Any CPU
		{00FDB59E-A1CC-49D9-B92C-944885A362AC}.Release|Any CPU.ActiveCfg = Release|Any CPU
		{00FDB59E-A1CC-49D9-B92C-944885A362AC}.Release|Any CPU.Build.0 = Release|Any CPU
		{FA1D8290-8EB9-4550-B23D-3DA64DEF1767}.Debug|Any CPU.ActiveCfg = Debug|Any CPU
		{FA1D8290-8EB9-4550-B23D-3DA64DEF1767}.Debug|Any CPU.Build.0 = Debug|Any CPU
		{FA1D8290-8EB9-4550-B23D-3DA64DEF1767}.Release|Any CPU.ActiveCfg = Release|Any CPU
		{FA1D8290-8EB9-4550-B23D-3DA64DEF1767}.Release|Any CPU.Build.0 = Release|Any CPU
		{F0FE26AB-3A25-446F-A2B0-A11ECC26DA9C}.Debug|Any CPU.ActiveCfg = Debug|Any CPU
		{F0FE26AB-3A25-446F-A2B0-A11ECC26DA9C}.Debug|Any CPU.Build.0 = Debug|Any CPU
		{F0FE26AB-3A25-446F-A2B0-A11ECC26DA9C}.Release|Any CPU.ActiveCfg = Release|Any CPU
		{F0FE26AB-3A25-446F-A2B0-A11ECC26DA9C}.Release|Any CPU.Build.0 = Release|Any CPU
		{26414D68-EC0A-4D55-9BB2-7FD2C0D0B7D6}.Debug|Any CPU.ActiveCfg = Debug|Any CPU
		{26414D68-EC0A-4D55-9BB2-7FD2C0D0B7D6}.Debug|Any CPU.Build.0 = Debug|Any CPU
		{26414D68-EC0A-4D55-9BB2-7FD2C0D0B7D6}.Release|Any CPU.ActiveCfg = Release|Any CPU
		{26414D68-EC0A-4D55-9BB2-7FD2C0D0B7D6}.Release|Any CPU.Build.0 = Release|Any CPU
		{25EB81BC-6643-4EA8-8464-A4E2FD361B1D}.Debug|Any CPU.ActiveCfg = Debug|Any CPU
		{25EB81BC-6643-4EA8-8464-A4E2FD361B1D}.Debug|Any CPU.Build.0 = Debug|Any CPU
		{25EB81BC-6643-4EA8-8464-A4E2FD361B1D}.Release|Any CPU.ActiveCfg = Release|Any CPU
		{25EB81BC-6643-4EA8-8464-A4E2FD361B1D}.Release|Any CPU.Build.0 = Release|Any CPU
	EndGlobalSection
	GlobalSection(SolutionProperties) = preSolution
		HideSolutionNode = FALSE
	EndGlobalSection
EndGlobal
